PODS:
  - MedusaKit (0.0.7):
    - MedusaKit/Common (= 0.0.7)
    - MedusaKit/LocationService (= 0.0.7)
  - MedusaKit/Common (0.0.7)
  - MedusaKit/LocationService (0.0.7)

DEPENDENCIES:
  - MedusaKit

SPEC CHECKSUMS:
  MedusaKit: db3bbf0ed18ef42a3f337b64b24ec98d1c5b60cf

PODFILE CHECKSUM: 59e9bc9274597134d8f6e96a7e307f47a6bab514

COCOAPODS: 1.4.0
